// !$*UTF8*$!
{
	archiveVersion = 1;
	classes = {
	};
	objectVersion = 46;
	objects = {

/* Begin PBXBuildFile section */
		28FF6AA1A4A5139FAF895DF5 /* libPods-OSChinaDemo.a in Frameworks */ = {isa = PBXBuildFile; fileRef = 9083E948B580D8ABF7F67A71 /* libPods-OSChinaDemo.a */; };
		C30F46061E02E2B9009E88B7 /* AppDelegate.m in Sources */ = {isa = PBXBuildFile; fileRef = C30F46011E02E2B9009E88B7 /* AppDelegate.m */; };
		C30F46071E02E2B9009E88B7 /* AppearanceSetting.m in Sources */ = {isa = PBXBuildFile; fileRef = C30F46031E02E2B9009E88B7 /* AppearanceSetting.m */; };
		C30F460F1E02E4BA009E88B7 /* OSCBaseViewController.m in Sources */ = {isa = PBXBuildFile; fileRef = C30F460E1E02E4BA009E88B7 /* OSCBaseViewController.m */; };
		C30F46121E02E4EE009E88B7 /* OSCBaseNaviViewController.m in Sources */ = {isa = PBXBuildFile; fileRef = C30F46111E02E4EE009E88B7 /* OSCBaseNaviViewController.m */; };
		C320D39F1E0AA9BB00EB3306 /* OSCTabBarViewController.m in Sources */ = {isa = PBXBuildFile; fileRef = C320D39E1E0AA9BB00EB3306 /* OSCTabBarViewController.m */; };
		C320D3A31E0AB1CC00EB3306 /* OSCCombineViewController.m in Sources */ = {isa = PBXBuildFile; fileRef = C320D3A11E0AB1CC00EB3306 /* OSCCombineViewController.m */; };
		C320D3A41E0AB1CC00EB3306 /* OSCCombineViewController.xib in Resources */ = {isa = PBXBuildFile; fileRef = C320D3A21E0AB1CC00EB3306 /* OSCCombineViewController.xib */; };
		C320D3A81E0AB23500EB3306 /* OSCActivityViewController.m in Sources */ = {isa = PBXBuildFile; fileRef = C320D3A61E0AB23500EB3306 /* OSCActivityViewController.m */; };
		C320D3A91E0AB23500EB3306 /* OSCActivityViewController.xib in Resources */ = {isa = PBXBuildFile; fileRef = C320D3A71E0AB23500EB3306 /* OSCActivityViewController.xib */; };
		C320D3AD1E0AB2AB00EB3306 /* OSCPblishViewController.m in Sources */ = {isa = PBXBuildFile; fileRef = C320D3AB1E0AB2AB00EB3306 /* OSCPblishViewController.m */; };
		C320D3AE1E0AB2AB00EB3306 /* OSCPblishViewController.xib in Resources */ = {isa = PBXBuildFile; fileRef = C320D3AC1E0AB2AB00EB3306 /* OSCPblishViewController.xib */; };
		C320D3B21E0AB2E100EB3306 /* OSCDiscoverViewController.m in Sources */ = {isa = PBXBuildFile; fileRef = C320D3B01E0AB2E100EB3306 /* OSCDiscoverViewController.m */; };
		C320D3B31E0AB2E100EB3306 /* OSCDiscoverViewController.xib in Resources */ = {isa = PBXBuildFile; fileRef = C320D3B11E0AB2E100EB3306 /* OSCDiscoverViewController.xib */; };
		C320D3B71E0AB2FA00EB3306 /* OSCAboutMeViewController.m in Sources */ = {isa = PBXBuildFile; fileRef = C320D3B51E0AB2FA00EB3306 /* OSCAboutMeViewController.m */; };
		C320D3B81E0AB2FA00EB3306 /* OSCAboutMeViewController.xib in Resources */ = {isa = PBXBuildFile; fileRef = C320D3B61E0AB2FA00EB3306 /* OSCAboutMeViewController.xib */; };
		C320D3C31E0AC50400EB3306 /* UIViewController+Common.m in Sources */ = {isa = PBXBuildFile; fileRef = C320D3C21E0AC50400EB3306 /* UIViewController+Common.m */; };
		C35690871DFBB5330051D373 /* main.m in Sources */ = {isa = PBXBuildFile; fileRef = C35690861DFBB5330051D373 /* main.m */; };
		C35690901DFBB5330051D373 /* Main.storyboard in Resources */ = {isa = PBXBuildFile; fileRef = C356908E1DFBB5330051D373 /* Main.storyboard */; };
		C35690951DFBB5330051D373 /* LaunchScreen.storyboard in Resources */ = {isa = PBXBuildFile; fileRef = C35690931DFBB5330051D373 /* LaunchScreen.storyboard */; };
		C35690A01DFBB5330051D373 /* OSChinaDemoTests.m in Sources */ = {isa = PBXBuildFile; fileRef = C356909F1DFBB5330051D373 /* OSChinaDemoTests.m */; };
		C35690AB1DFBB5330051D373 /* OSChinaDemoUITests.m in Sources */ = {isa = PBXBuildFile; fileRef = C35690AA1DFBB5330051D373 /* OSChinaDemoUITests.m */; };
		C3F8D1381E019AAD005D49E3 /* Assets.xcassets in Resources */ = {isa = PBXBuildFile; fileRef = C3F8D1371E019AAD005D49E3 /* Assets.xcassets */; };
/* End PBXBuildFile section */

/* Begin PBXContainerItemProxy section */
		C356909C1DFBB5330051D373 /* PBXContainerItemProxy */ = {
			isa = PBXContainerItemProxy;
			containerPortal = C356907A1DFBB5330051D373 /* Project object */;
			proxyType = 1;
			remoteGlobalIDString = C35690811DFBB5330051D373;
			remoteInfo = OSChinaDemo;
		};
		C35690A71DFBB5330051D373 /* PBXContainerItemProxy */ = {
			isa = PBXContainerItemProxy;
			containerPortal = C356907A1DFBB5330051D373 /* Project object */;
			proxyType = 1;
			remoteGlobalIDString = C35690811DFBB5330051D373;
			remoteInfo = OSChinaDemo;
		};
/* End PBXContainerItemProxy section */

/* Begin PBXFileReference section */
		2A3D5A24A055707364DD8F25 /* Pods-OSChinaDemo.debug.xcconfig */ = {isa = PBXFileReference; includeInIndex = 1; lastKnownFileType = text.xcconfig; name = "Pods-OSChinaDemo.debug.xcconfig"; path = "Pods/Target Support Files/Pods-OSChinaDemo/Pods-OSChinaDemo.debug.xcconfig"; sourceTree = "<group>"; };
		34B37C4E19FEF1345D620CCE /* Pods-OSChinaDemo.release.xcconfig */ = {isa = PBXFileReference; includeInIndex = 1; lastKnownFileType = text.xcconfig; name = "Pods-OSChinaDemo.release.xcconfig"; path = "Pods/Target Support Files/Pods-OSChinaDemo/Pods-OSChinaDemo.release.xcconfig"; sourceTree = "<group>"; };
		9083E948B580D8ABF7F67A71 /* libPods-OSChinaDemo.a */ = {isa = PBXFileReference; explicitFileType = archive.ar; includeInIndex = 0; path = "libPods-OSChinaDemo.a"; sourceTree = BUILT_PRODUCTS_DIR; };
		C30F46001E02E2B9009E88B7 /* AppDelegate.h */ = {isa = PBXFileReference; fileEncoding = 4; lastKnownFileType = sourcecode.c.h; path = AppDelegate.h; sourceTree = "<group>"; };
		C30F46011E02E2B9009E88B7 /* AppDelegate.m */ = {isa = PBXFileReference; fileEncoding = 4; lastKnownFileType = sourcecode.c.objc; path = AppDelegate.m; sourceTree = "<group>"; };
		C30F46021E02E2B9009E88B7 /* AppearanceSetting.h */ = {isa = PBXFileReference; fileEncoding = 4; lastKnownFileType = sourcecode.c.h; path = AppearanceSetting.h; sourceTree = "<group>"; };
		C30F46031E02E2B9009E88B7 /* AppearanceSetting.m */ = {isa = PBXFileReference; fileEncoding = 4; lastKnownFileType = sourcecode.c.objc; path = AppearanceSetting.m; sourceTree = "<group>"; };
		C30F460D1E02E4BA009E88B7 /* OSCBaseViewController.h */ = {isa = PBXFileReference; fileEncoding = 4; lastKnownFileType = sourcecode.c.h; path = OSCBaseViewController.h; sourceTree = "<group>"; };
		C30F460E1E02E4BA009E88B7 /* OSCBaseViewController.m */ = {isa = PBXFileReference; fileEncoding = 4; lastKnownFileType = sourcecode.c.objc; path = OSCBaseViewController.m; sourceTree = "<group>"; };
		C30F46101E02E4EE009E88B7 /* OSCBaseNaviViewController.h */ = {isa = PBXFileReference; fileEncoding = 4; lastKnownFileType = sourcecode.c.h; path = OSCBaseNaviViewController.h; sourceTree = "<group>"; };
		C30F46111E02E4EE009E88B7 /* OSCBaseNaviViewController.m */ = {isa = PBXFileReference; fileEncoding = 4; lastKnownFileType = sourcecode.c.objc; path = OSCBaseNaviViewController.m; sourceTree = "<group>"; };
		C320D39D1E0AA9BB00EB3306 /* OSCTabBarViewController.h */ = {isa = PBXFileReference; fileEncoding = 4; lastKnownFileType = sourcecode.c.h; path = OSCTabBarViewController.h; sourceTree = "<group>"; };
		C320D39E1E0AA9BB00EB3306 /* OSCTabBarViewController.m */ = {isa = PBXFileReference; fileEncoding = 4; lastKnownFileType = sourcecode.c.objc; path = OSCTabBarViewController.m; sourceTree = "<group>"; };
		C320D3A01E0AB1CC00EB3306 /* OSCCombineViewController.h */ = {isa = PBXFileReference; fileEncoding = 4; lastKnownFileType = sourcecode.c.h; path = OSCCombineViewController.h; sourceTree = "<group>"; };
		C320D3A11E0AB1CC00EB3306 /* OSCCombineViewController.m */ = {isa = PBXFileReference; fileEncoding = 4; lastKnownFileType = sourcecode.c.objc; path = OSCCombineViewController.m; sourceTree = "<group>"; };
		C320D3A21E0AB1CC00EB3306 /* OSCCombineViewController.xib */ = {isa = PBXFileReference; fileEncoding = 4; lastKnownFileType = file.xib; path = OSCCombineViewController.xib; sourceTree = "<group>"; };
		C320D3A51E0AB23500EB3306 /* OSCActivityViewController.h */ = {isa = PBXFileReference; fileEncoding = 4; lastKnownFileType = sourcecode.c.h; path = OSCActivityViewController.h; sourceTree = "<group>"; };
		C320D3A61E0AB23500EB3306 /* OSCActivityViewController.m */ = {isa = PBXFileReference; fileEncoding = 4; lastKnownFileType = sourcecode.c.objc; path = OSCActivityViewController.m; sourceTree = "<group>"; };
		C320D3A71E0AB23500EB3306 /* OSCActivityViewController.xib */ = {isa = PBXFileReference; fileEncoding = 4; lastKnownFileType = file.xib; path = OSCActivityViewController.xib; sourceTree = "<group>"; };
		C320D3AA1E0AB2AB00EB3306 /* OSCPblishViewController.h */ = {isa = PBXFileReference; fileEncoding = 4; lastKnownFileType = sourcecode.c.h; path = OSCPblishViewController.h; sourceTree = "<group>"; };
		C320D3AB1E0AB2AB00EB3306 /* OSCPblishViewController.m */ = {isa = PBXFileReference; fileEncoding = 4; lastKnownFileType = sourcecode.c.objc; path = OSCPblishViewController.m; sourceTree = "<group>"; };
		C320D3AC1E0AB2AB00EB3306 /* OSCPblishViewController.xib */ = {isa = PBXFileReference; fileEncoding = 4; lastKnownFileType = file.xib; path = OSCPblishViewController.xib; sourceTree = "<group>"; };
		C320D3AF1E0AB2E100EB3306 /* OSCDiscoverViewController.h */ = {isa = PBXFileReference; fileEncoding = 4; lastKnownFileType = sourcecode.c.h; path = OSCDiscoverViewController.h; sourceTree = "<group>"; };
		C320D3B01E0AB2E100EB3306 /* OSCDiscoverViewController.m */ = {isa = PBXFileReference; fileEncoding = 4; lastKnownFileType = sourcecode.c.objc; path = OSCDiscoverViewController.m; sourceTree = "<group>"; };
		C320D3B11E0AB2E100EB3306 /* OSCDiscoverViewController.xib */ = {isa = PBXFileReference; fileEncoding = 4; lastKnownFileType = file.xib; path = OSCDiscoverViewController.xib; sourceTree = "<group>"; };
		C320D3B41E0AB2FA00EB3306 /* OSCAboutMeViewController.h */ = {isa = PBXFileReference; fileEncoding = 4; lastKnownFileType = sourcecode.c.h; path = OSCAboutMeViewController.h; sourceTree = "<group>"; };
		C320D3B51E0AB2FA00EB3306 /* OSCAboutMeViewController.m */ = {isa = PBXFileReference; fileEncoding = 4; lastKnownFileType = sourcecode.c.objc; path = OSCAboutMeViewController.m; sourceTree = "<group>"; };
		C320D3B61E0AB2FA00EB3306 /* OSCAboutMeViewController.xib */ = {isa = PBXFileReference; fileEncoding = 4; lastKnownFileType = file.xib; path = OSCAboutMeViewController.xib; sourceTree = "<group>"; };
		C320D3C11E0AC50400EB3306 /* UIViewController+Common.h */ = {isa = PBXFileReference; fileEncoding = 4; lastKnownFileType = sourcecode.c.h; path = "UIViewController+Common.h"; sourceTree = "<group>"; };
		C320D3C21E0AC50400EB3306 /* UIViewController+Common.m */ = {isa = PBXFileReference; fileEncoding = 4; lastKnownFileType = sourcecode.c.objc; path = "UIViewController+Common.m"; sourceTree = "<group>"; };
		C34901C61E0C1C4800077083 /* OSCAPI.h */ = {isa = PBXFileReference; fileEncoding = 4; lastKnownFileType = sourcecode.c.h; path = OSCAPI.h; sourceTree = "<group>"; };
		C35690821DFBB5330051D373 /* OSChinaDemo.app */ = {isa = PBXFileReference; explicitFileType = wrapper.application; includeInIndex = 0; path = OSChinaDemo.app; sourceTree = BUILT_PRODUCTS_DIR; };
		C35690861DFBB5330051D373 /* main.m */ = {isa = PBXFileReference; lastKnownFileType = sourcecode.c.objc; path = main.m; sourceTree = "<group>"; };
		C356908F1DFBB5330051D373 /* Base */ = {isa = PBXFileReference; lastKnownFileType = file.storyboard; name = Base; path = Base.lproj/Main.storyboard; sourceTree = "<group>"; };
		C35690941DFBB5330051D373 /* Base */ = {isa = PBXFileReference; lastKnownFileType = file.storyboard; name = Base; path = Base.lproj/LaunchScreen.storyboard; sourceTree = "<group>"; };
		C35690961DFBB5330051D373 /* Info.plist */ = {isa = PBXFileReference; lastKnownFileType = text.plist.xml; path = Info.plist; sourceTree = "<group>"; };
		C356909B1DFBB5330051D373 /* OSChinaDemoTests.xctest */ = {isa = PBXFileReference; explicitFileType = wrapper.cfbundle; includeInIndex = 0; path = OSChinaDemoTests.xctest; sourceTree = BUILT_PRODUCTS_DIR; };
		C356909F1DFBB5330051D373 /* OSChinaDemoTests.m */ = {isa = PBXFileReference; lastKnownFileType = sourcecode.c.objc; path = OSChinaDemoTests.m; sourceTree = "<group>"; };
		C35690A11DFBB5330051D373 /* Info.plist */ = {isa = PBXFileReference; lastKnownFileType = text.plist.xml; path = Info.plist; sourceTree = "<group>"; };
		C35690A61DFBB5330051D373 /* OSChinaDemoUITests.xctest */ = {isa = PBXFileReference; explicitFileType = wrapper.cfbundle; includeInIndex = 0; path = OSChinaDemoUITests.xctest; sourceTree = BUILT_PRODUCTS_DIR; };
		C35690AA1DFBB5330051D373 /* OSChinaDemoUITests.m */ = {isa = PBXFileReference; lastKnownFileType = sourcecode.c.objc; path = OSChinaDemoUITests.m; sourceTree = "<group>"; };
		C35690AC1DFBB5330051D373 /* Info.plist */ = {isa = PBXFileReference; lastKnownFileType = text.plist.xml; path = Info.plist; sourceTree = "<group>"; };
		C3F8D1371E019AAD005D49E3 /* Assets.xcassets */ = {isa = PBXFileReference; lastKnownFileType = folder.assetcatalog; path = Assets.xcassets; sourceTree = "<group>"; };
/* End PBXFileReference section */

/* Begin PBXFrameworksBuildPhase section */
		C356907F1DFBB5330051D373 /* Frameworks */ = {
			isa = PBXFrameworksBuildPhase;
			buildActionMask = 2147483647;
			files = (
				28FF6AA1A4A5139FAF895DF5 /* libPods-OSChinaDemo.a in Frameworks */,
			);
			runOnlyForDeploymentPostprocessing = 0;
		};
		C35690981DFBB5330051D373 /* Frameworks */ = {
			isa = PBXFrameworksBuildPhase;
			buildActionMask = 2147483647;
			files = (
			);
			runOnlyForDeploymentPostprocessing = 0;
		};
		C35690A31DFBB5330051D373 /* Frameworks */ = {
			isa = PBXFrameworksBuildPhase;
			buildActionMask = 2147483647;
			files = (
			);
			runOnlyForDeploymentPostprocessing = 0;
		};
/* End PBXFrameworksBuildPhase section */

/* Begin PBXGroup section */
		55749CA522436F6D602BA78B /* Pods */ = {
			isa = PBXGroup;
			children = (
				2A3D5A24A055707364DD8F25 /* Pods-OSChinaDemo.debug.xcconfig */,
				34B37C4E19FEF1345D620CCE /* Pods-OSChinaDemo.release.xcconfig */,
			);
			name = Pods;
			sourceTree = "<group>";
		};
		7EE7CBD9EDBD18A19417907B /* Frameworks */ = {
			isa = PBXGroup;
			children = (
				9083E948B580D8ABF7F67A71 /* libPods-OSChinaDemo.a */,
			);
			name = Frameworks;
			sourceTree = "<group>";
		};
		C30F45FF1E02E2B9009E88B7 /* APPDelegate */ = {
			isa = PBXGroup;
			children = (
				C30F46001E02E2B9009E88B7 /* AppDelegate.h */,
				C30F46011E02E2B9009E88B7 /* AppDelegate.m */,
				C30F46021E02E2B9009E88B7 /* AppearanceSetting.h */,
				C30F46031E02E2B9009E88B7 /* AppearanceSetting.m */,
				C34901C61E0C1C4800077083 /* OSCAPI.h */,
			);
			path = APPDelegate;
			sourceTree = "<group>";
		};
		C30F46091E02E2CD009E88B7 /* BaseClass */ = {
			isa = PBXGroup;
			children = (
				C30F460D1E02E4BA009E88B7 /* OSCBaseViewController.h */,
				C30F460E1E02E4BA009E88B7 /* OSCBaseViewController.m */,
				C30F46101E02E4EE009E88B7 /* OSCBaseNaviViewController.h */,
				C30F46111E02E4EE009E88B7 /* OSCBaseNaviViewController.m */,
			);
			path = BaseClass;
			sourceTree = "<group>";
		};
		C320D3991E0AA86E00EB3306 /* RootViewController */ = {
			isa = PBXGroup;
			children = (
				C320D39D1E0AA9BB00EB3306 /* OSCTabBarViewController.h */,
				C320D39E1E0AA9BB00EB3306 /* OSCTabBarViewController.m */,
				C320D3A01E0AB1CC00EB3306 /* OSCCombineViewController.h */,
				C320D3A11E0AB1CC00EB3306 /* OSCCombineViewController.m */,
				C320D3A21E0AB1CC00EB3306 /* OSCCombineViewController.xib */,
				C320D3A51E0AB23500EB3306 /* OSCActivityViewController.h */,
				C320D3A61E0AB23500EB3306 /* OSCActivityViewController.m */,
				C320D3A71E0AB23500EB3306 /* OSCActivityViewController.xib */,
				C320D3AA1E0AB2AB00EB3306 /* OSCPblishViewController.h */,
				C320D3AB1E0AB2AB00EB3306 /* OSCPblishViewController.m */,
				C320D3AC1E0AB2AB00EB3306 /* OSCPblishViewController.xib */,
				C320D3AF1E0AB2E100EB3306 /* OSCDiscoverViewController.h */,
				C320D3B01E0AB2E100EB3306 /* OSCDiscoverViewController.m */,
				C320D3B11E0AB2E100EB3306 /* OSCDiscoverViewController.xib */,
				C320D3B41E0AB2FA00EB3306 /* OSCAboutMeViewController.h */,
				C320D3B51E0AB2FA00EB3306 /* OSCAboutMeViewController.m */,
				C320D3B61E0AB2FA00EB3306 /* OSCAboutMeViewController.xib */,
			);
			path = RootViewController;
			sourceTree = "<group>";
		};
		C320D3BA1E0AC23100EB3306 /* Categoris */ = {
			isa = PBXGroup;
			children = (
				C320D3C11E0AC50400EB3306 /* UIViewController+Common.h */,
				C320D3C21E0AC50400EB3306 /* UIViewController+Common.m */,
			);
			name = Categoris;
			path = RootViewController/Categoris;
			sourceTree = "<group>";
		};
		C35690791DFBB5330051D373 = {
			isa = PBXGroup;
			children = (
				C35690841DFBB5330051D373 /* OSChinaDemo */,
				C356909E1DFBB5330051D373 /* OSChinaDemoTests */,
				C35690A91DFBB5330051D373 /* OSChinaDemoUITests */,
				C35690831DFBB5330051D373 /* Products */,
				55749CA522436F6D602BA78B /* Pods */,
				7EE7CBD9EDBD18A19417907B /* Frameworks */,
			);
			sourceTree = "<group>";
		};
		C35690831DFBB5330051D373 /* Products */ = {
			isa = PBXGroup;
			children = (
				C35690821DFBB5330051D373 /* OSChinaDemo.app */,
				C356909B1DFBB5330051D373 /* OSChinaDemoTests.xctest */,
				C35690A61DFBB5330051D373 /* OSChinaDemoUITests.xctest */,
			);
			name = Products;
			sourceTree = "<group>";
		};
		C35690841DFBB5330051D373 /* OSChinaDemo */ = {
			isa = PBXGroup;
			children = (
				C30F45FF1E02E2B9009E88B7 /* APPDelegate */,
				C30F46091E02E2CD009E88B7 /* BaseClass */,
				C320D3991E0AA86E00EB3306 /* RootViewController */,
				C320D3BA1E0AC23100EB3306 /* Categoris */,
				C356908E1DFBB5330051D373 /* Main.storyboard */,
				C35690931DFBB5330051D373 /* LaunchScreen.storyboard */,
				C35690961DFBB5330051D373 /* Info.plist */,
				C3F8D1371E019AAD005D49E3 /* Assets.xcassets */,
				C35690851DFBB5330051D373 /* Supporting Files */,
			);
			path = OSChinaDemo;
			sourceTree = "<group>";
		};
		C35690851DFBB5330051D373 /* Supporting Files */ = {
			isa = PBXGroup;
			children = (
				C35690861DFBB5330051D373 /* main.m */,
			);
			name = "Supporting Files";
			sourceTree = "<group>";
		};
		C356909E1DFBB5330051D373 /* OSChinaDemoTests */ = {
			isa = PBXGroup;
			children = (
				C356909F1DFBB5330051D373 /* OSChinaDemoTests.m */,
				C35690A11DFBB5330051D373 /* Info.plist */,
			);
			path = OSChinaDemoTests;
			sourceTree = "<group>";
		};
		C35690A91DFBB5330051D373 /* OSChinaDemoUITests */ = {
			isa = PBXGroup;
			children = (
				C35690AA1DFBB5330051D373 /* OSChinaDemoUITests.m */,
				C35690AC1DFBB5330051D373 /* Info.plist */,
			);
			path = OSChinaDemoUITests;
			sourceTree = "<group>";
		};
/* End PBXGroup section */

/* Begin PBXNativeTarget section */
		C35690811DFBB5330051D373 /* OSChinaDemo */ = {
			isa = PBXNativeTarget;
			buildConfigurationList = C35690AF1DFBB5330051D373 /* Build configuration list for PBXNativeTarget "OSChinaDemo" */;
			buildPhases = (
				B9F896D4300A0445DBD93B08 /* [CP] Check Pods Manifest.lock */,
				C356907E1DFBB5330051D373 /* Sources */,
				C356907F1DFBB5330051D373 /* Frameworks */,
				C35690801DFBB5330051D373 /* Resources */,
				EAA92AA6186BE61A0683AC69 /* [CP] Embed Pods Frameworks */,
				18B19FADB0B71E38E29763CE /* [CP] Copy Pods Resources */,
			);
			buildRules = (
			);
			dependencies = (
			);
			name = OSChinaDemo;
			productName = OSChinaDemo;
			productReference = C35690821DFBB5330051D373 /* OSChinaDemo.app */;
			productType = "com.apple.product-type.application";
		};
		C356909A1DFBB5330051D373 /* OSChinaDemoTests */ = {
			isa = PBXNativeTarget;
			buildConfigurationList = C35690B21DFBB5330051D373 /* Build configuration list for PBXNativeTarget "OSChinaDemoTests" */;
			buildPhases = (
				C35690971DFBB5330051D373 /* Sources */,
				C35690981DFBB5330051D373 /* Frameworks */,
				C35690991DFBB5330051D373 /* Resources */,
			);
			buildRules = (
			);
			dependencies = (
				C356909D1DFBB5330051D373 /* PBXTargetDependency */,
			);
			name = OSChinaDemoTests;
			productName = OSChinaDemoTests;
			productReference = C356909B1DFBB5330051D373 /* OSChinaDemoTests.xctest */;
			productType = "com.apple.product-type.bundle.unit-test";
		};
		C35690A51DFBB5330051D373 /* OSChinaDemoUITests */ = {
			isa = PBXNativeTarget;
			buildConfigurationList = C35690B51DFBB5330051D373 /* Build configuration list for PBXNativeTarget "OSChinaDemoUITests" */;
			buildPhases = (
				C35690A21DFBB5330051D373 /* Sources */,
				C35690A31DFBB5330051D373 /* Frameworks */,
				C35690A41DFBB5330051D373 /* Resources */,
			);
			buildRules = (
			);
			dependencies = (
				C35690A81DFBB5330051D373 /* PBXTargetDependency */,
			);
			name = OSChinaDemoUITests;
			productName = OSChinaDemoUITests;
			productReference = C35690A61DFBB5330051D373 /* OSChinaDemoUITests.xctest */;
			productType = "com.apple.product-type.bundle.ui-testing";
		};
/* End PBXNativeTarget section */

/* Begin PBXProject section */
		C356907A1DFBB5330051D373 /* Project object */ = {
			isa = PBXProject;
			attributes = {
				LastUpgradeCheck = 0810;
				ORGANIZATIONNAME = ludashen;
				TargetAttributes = {
					C35690811DFBB5330051D373 = {
						CreatedOnToolsVersion = 8.1;
						ProvisioningStyle = Automatic;
					};
					C356909A1DFBB5330051D373 = {
						CreatedOnToolsVersion = 8.1;
						ProvisioningStyle = Automatic;
						TestTargetID = C35690811DFBB5330051D373;
					};
					C35690A51DFBB5330051D373 = {
						CreatedOnToolsVersion = 8.1;
						ProvisioningStyle = Automatic;
						TestTargetID = C35690811DFBB5330051D373;
					};
				};
			};
			buildConfigurationList = C356907D1DFBB5330051D373 /* Build configuration list for PBXProject "OSChinaDemo" */;
			compatibilityVersion = "Xcode 3.2";
			developmentRegion = English;
			hasScannedForEncodings = 0;
			knownRegions = (
				en,
				Base,
			);
			mainGroup = C35690791DFBB5330051D373;
			productRefGroup = C35690831DFBB5330051D373 /* Products */;
			projectDirPath = "";
			projectRoot = "";
			targets = (
				C35690811DFBB5330051D373 /* OSChinaDemo */,
				C356909A1DFBB5330051D373 /* OSChinaDemoTests */,
				C35690A51DFBB5330051D373 /* OSChinaDemoUITests */,
			);
		};
/* End PBXProject section */

/* Begin PBXResourcesBuildPhase section */
		C35690801DFBB5330051D373 /* Resources */ = {
			isa = PBXResourcesBuildPhase;
			buildActionMask = 2147483647;
			files = (
				C320D3B31E0AB2E100EB3306 /* OSCDiscoverViewController.xib in Resources */,
				C35690951DFBB5330051D373 /* LaunchScreen.storyboard in Resources */,
				C3F8D1381E019AAD005D49E3 /* Assets.xcassets in Resources */,
				C320D3A91E0AB23500EB3306 /* OSCActivityViewController.xib in Resources */,
				C320D3A41E0AB1CC00EB3306 /* OSCCombineViewController.xib in Resources */,
				C320D3AE1E0AB2AB00EB3306 /* OSCPblishViewController.xib in Resources */,
				C320D3B81E0AB2FA00EB3306 /* OSCAboutMeViewController.xib in Resources */,
				C35690901DFBB5330051D373 /* Main.storyboard in Resources */,
			);
			runOnlyForDeploymentPostprocessing = 0;
		};
		C35690991DFBB5330051D373 /* Resources */ = {
			isa = PBXResourcesBuildPhase;
			buildActionMask = 2147483647;
			files = (
			);
			runOnlyForDeploymentPostprocessing = 0;
		};
		C35690A41DFBB5330051D373 /* Resources */ = {
			isa = PBXResourcesBuildPhase;
			buildActionMask = 2147483647;
			files = (
			);
			runOnlyForDeploymentPostprocessing = 0;
		};
/* End PBXResourcesBuildPhase section */

/* Begin PBXShellScriptBuildPhase section */
		18B19FADB0B71E38E29763CE /* [CP] Copy Pods Resources */ = {
			isa = PBXShellScriptBuildPhase;
			buildActionMask = 2147483647;
			files = (
			);
			inputPaths = (
			);
			name = "[CP] Copy Pods Resources";
			outputPaths = (
			);
			runOnlyForDeploymentPostprocessing = 0;
			shellPath = /bin/sh;
			shellScript = "\"${SRCROOT}/Pods/Target Support Files/Pods-OSChinaDemo/Pods-OSChinaDemo-resources.sh\"\n";
			showEnvVarsInLog = 0;
		};
		B9F896D4300A0445DBD93B08 /* [CP] Check Pods Manifest.lock */ = {
			isa = PBXShellScriptBuildPhase;
			buildActionMask = 2147483647;
			files = (
			);
			inputPaths = (
			);
			name = "[CP] Check Pods Manifest.lock";
			outputPaths = (
			);
			runOnlyForDeploymentPostprocessing = 0;
			shellPath = /bin/sh;
			shellScript = "diff \"${PODS_ROOT}/../Podfile.lock\" \"${PODS_ROOT}/Manifest.lock\" > /dev/null\nif [ $? != 0 ] ; then\n    # print error to STDERR\n    echo \"error: The sandbox is not in sync with the Podfile.lock. Run 'pod install' or update your CocoaPods installation.\" >&2\n    exit 1\nfi\n";
			showEnvVarsInLog = 0;
		};
		EAA92AA6186BE61A0683AC69 /* [CP] Embed Pods Frameworks */ = {
			isa = PBXShellScriptBuildPhase;
			buildActionMask = 2147483647;
			files = (
			);
			inputPaths = (
			);
			name = "[CP] Embed Pods Frameworks";
			outputPaths = (
			);
			runOnlyForDeploymentPostprocessing = 0;
			shellPath = /bin/sh;
			shellScript = "\"${SRCROOT}/Pods/Target Support Files/Pods-OSChinaDemo/Pods-OSChinaDemo-frameworks.sh\"\n";
			showEnvVarsInLog = 0;
		};
/* End PBXShellScriptBuildPhase section */

/* Begin PBXSourcesBuildPhase section */
		C356907E1DFBB5330051D373 /* Sources */ = {
			isa = PBXSourcesBuildPhase;
			buildActionMask = 2147483647;
			files = (
				C320D39F1E0AA9BB00EB3306 /* OSCTabBarViewController.m in Sources */,
				C320D3C31E0AC50400EB3306 /* UIViewController+Common.m in Sources */,
				C30F46071E02E2B9009E88B7 /* AppearanceSetting.m in Sources */,
				C30F460F1E02E4BA009E88B7 /* OSCBaseViewController.m in Sources */,
				C320D3B71E0AB2FA00EB3306 /* OSCAboutMeViewController.m in Sources */,
				C30F46121E02E4EE009E88B7 /* OSCBaseNaviViewController.m in Sources */,
				C35690871DFBB5330051D373 /* main.m in Sources */,
				C320D3A31E0AB1CC00EB3306 /* OSCCombineViewController.m in Sources */,
				C30F46061E02E2B9009E88B7 /* AppDelegate.m in Sources */,
				C320D3B21E0AB2E100EB3306 /* OSCDiscoverViewController.m in Sources */,
				C320D3A81E0AB23500EB3306 /* OSCActivityViewController.m in Sources */,
				C320D3AD1E0AB2AB00EB3306 /* OSCPblishViewController.m in Sources */,
			);
			runOnlyForDeploymentPostprocessing = 0;
		};
		C35690971DFBB5330051D373 /* Sources */ = {
			isa = PBXSourcesBuildPhase;
			buildActionMask = 2147483647;
			files = (
				C35690A01DFBB5330051D373 /* OSChinaDemoTests.m in Sources */,
			);
			runOnlyForDeploymentPostprocessing = 0;
		};
		C35690A21DFBB5330051D373 /* Sources */ = {
			isa = PBXSourcesBuildPhase;
			buildActionMask = 2147483647;
			files = (
				C35690AB1DFBB5330051D373 /* OSChinaDemoUITests.m in Sources */,
			);
			runOnlyForDeploymentPostprocessing = 0;
		};
/* End PBXSourcesBuildPhase section */

/* Begin PBXTargetDependency section */
		C356909D1DFBB5330051D373 /* PBXTargetDependency */ = {
			isa = PBXTargetDependency;
			target = C35690811DFBB5330051D373 /* OSChinaDemo */;
			targetProxy = C356909C1DFBB5330051D373 /* PBXContainerItemProxy */;
		};
		C35690A81DFBB5330051D373 /* PBXTargetDependency */ = {
			isa = PBXTargetDependency;
			target = C35690811DFBB5330051D373 /* OSChinaDemo */;
			targetProxy = C35690A71DFBB5330051D373 /* PBXContainerItemProxy */;
		};
/* End PBXTargetDependency section */

/* Begin PBXVariantGroup section */
		C356908E1DFBB5330051D373 /* Main.storyboard */ = {
			isa = PBXVariantGroup;
			children = (
				C356908F1DFBB5330051D373 /* Base */,
			);
			name = Main.storyboard;
			sourceTree = "<group>";
		};
		C35690931DFBB5330051D373 /* LaunchScreen.storyboard */ = {
			isa = PBXVariantGroup;
			children = (
				C35690941DFBB5330051D373 /* Base */,
			);
			name = LaunchScreen.storyboard;
			sourceTree = "<group>";
		};
/* End PBXVariantGroup section */

/* Begin XCBuildConfiguration section */
		C35690AD1DFBB5330051D373 /* Debug */ = {
			isa = XCBuildConfiguration;
			buildSettings = {
				ALWAYS_SEARCH_USER_PATHS = NO;
				CLANG_ANALYZER_NONNULL = YES;
				CLANG_CXX_LANGUAGE_STANDARD = "gnu++0x";
				CLANG_CXX_LIBRARY = "libc++";
				CLANG_ENABLE_MODULES = YES;
				CLANG_ENABLE_OBJC_ARC = YES;
				CLANG_WARN_BOOL_CONVERSION = YES;
				CLANG_WARN_CONSTANT_CONVERSION = YES;
				CLANG_WARN_DIRECT_OBJC_ISA_USAGE = YES_ERROR;
				CLANG_WARN_DOCUMENTATION_COMMENTS = YES;
				CLANG_WARN_EMPTY_BODY = YES;
				CLANG_WARN_ENUM_CONVERSION = YES;
				CLANG_WARN_INFINITE_RECURSION = YES;
				CLANG_WARN_INT_CONVERSION = YES;
				CLANG_WARN_OBJC_ROOT_CLASS = YES_ERROR;
				CLANG_WARN_SUSPICIOUS_MOVE = YES;
				CLANG_WARN_SUSPICIOUS_MOVES = YES;
				CLANG_WARN_UNREACHABLE_CODE = YES;
				CLANG_WARN__DUPLICATE_METHOD_MATCH = YES;
				"CODE_SIGN_IDENTITY[sdk=iphoneos*]" = "iPhone Developer";
				COPY_PHASE_STRIP = NO;
				DEBUG_INFORMATION_FORMAT = dwarf;
				ENABLE_STRICT_OBJC_MSGSEND = YES;
				ENABLE_TESTABILITY = YES;
				GCC_C_LANGUAGE_STANDARD = gnu99;
				GCC_DYNAMIC_NO_PIC = NO;
				GCC_NO_COMMON_BLOCKS = YES;
				GCC_OPTIMIZATION_LEVEL = 0;
				GCC_PREPROCESSOR_DEFINITIONS = (
					"DEBUG=1",
					"$(inherited)",
				);
				GCC_WARN_64_TO_32_BIT_CONVERSION = YES;
				GCC_WARN_ABOUT_RETURN_TYPE = YES_ERROR;
				GCC_WARN_UNDECLARED_SELECTOR = YES;
				GCC_WARN_UNINITIALIZED_AUTOS = YES_AGGRESSIVE;
				GCC_WARN_UNUSED_FUNCTION = YES;
				GCC_WARN_UNUSED_VARIABLE = YES;
				IPHONEOS_DEPLOYMENT_TARGET = 10.1;
				MTL_ENABLE_DEBUG_INFO = YES;
				ONLY_ACTIVE_ARCH = YES;
				SDKROOT = iphoneos;
				TARGETED_DEVICE_FAMILY = "1,2";
			};
			name = Debug;
		};
		C35690AE1DFBB5330051D373 /* Release */ = {
			isa = XCBuildConfiguration;
			buildSettings = {
				ALWAYS_SEARCH_USER_PATHS = NO;
				CLANG_ANALYZER_NONNULL = YES;
				CLANG_CXX_LANGUAGE_STANDARD = "gnu++0x";
				CLANG_CXX_LIBRARY = "libc++";
				CLANG_ENABLE_MODULES = YES;
				CLANG_ENABLE_OBJC_ARC = YES;
				CLANG_WARN_BOOL_CONVERSION = YES;
				CLANG_WARN_CONSTANT_CONVERSION = YES;
				CLANG_WARN_DIRECT_OBJC_ISA_USAGE = YES_ERROR;
				CLANG_WARN_DOCUMENTATION_COMMENTS = YES;
				CLANG_WARN_EMPTY_BODY = YES;
				CLANG_WARN_ENUM_CONVERSION = YES;
				CLANG_WARN_INFINITE_RECURSION = YES;
				CLANG_WARN_INT_CONVERSION = YES;
				CLANG_WARN_OBJC_ROOT_CLASS = YES_ERROR;
				CLANG_WARN_SUSPICIOUS_MOVE = YES;
				CLANG_WARN_SUSPICIOUS_MOVES = YES;
				CLANG_WARN_UNREACHABLE_CODE = YES;
				CLANG_WARN__DUPLICATE_METHOD_MATCH = YES;
				"CODE_SIGN_IDENTITY[sdk=iphoneos*]" = "iPhone Developer";
				COPY_PHASE_STRIP = NO;
				DEBUG_INFORMATION_FORMAT = "dwarf-with-dsym";
				ENABLE_NS_ASSERTIONS = NO;
				ENABLE_STRICT_OBJC_MSGSEND = YES;
				GCC_C_LANGUAGE_STANDARD = gnu99;
				GCC_NO_COMMON_BLOCKS = YES;
				GCC_WARN_64_TO_32_BIT_CONVERSION = YES;
				GCC_WARN_ABOUT_RETURN_TYPE = YES_ERROR;
				GCC_WARN_UNDECLARED_SELECTOR = YES;
				GCC_WARN_UNINITIALIZED_AUTOS = YES_AGGRESSIVE;
				GCC_WARN_UNUSED_FUNCTION = YES;
				GCC_WARN_UNUSED_VARIABLE = YES;
				IPHONEOS_DEPLOYMENT_TARGET = 10.1;
				MTL_ENABLE_DEBUG_INFO = NO;
				SDKROOT = iphoneos;
				TARGETED_DEVICE_FAMILY = "1,2";
				VALIDATE_PRODUCT = YES;
			};
			name = Release;
		};
		C35690B01DFBB5330051D373 /* Debug */ = {
			isa = XCBuildConfiguration;
			baseConfigurationReference = 2A3D5A24A055707364DD8F25 /* Pods-OSChinaDemo.debug.xcconfig */;
			buildSettings = {
				ASSETCATALOG_COMPILER_APPICON_NAME = AppIcon;
				INFOPLIST_FILE = OSChinaDemo/Info.plist;
				LD_RUNPATH_SEARCH_PATHS = "$(inherited) @executable_path/Frameworks";
				PRODUCT_BUNDLE_IDENTIFIER = com.lu.OSChinaDemo;
				PRODUCT_NAME = "$(TARGET_NAME)";
			};
			name = Debug;
		};
		C35690B11DFBB5330051D373 /* Release */ = {
			isa = XCBuildConfiguration;
			baseConfigurationReference = 34B37C4E19FEF1345D620CCE /* Pods-OSChinaDemo.release.xcconfig */;
			buildSettings = {
				ASSETCATALOG_COMPILER_APPICON_NAME = AppIcon;
				INFOPLIST_FILE = OSChinaDemo/Info.plist;
				LD_RUNPATH_SEARCH_PATHS = "$(inherited) @executable_path/Frameworks";
				PRODUCT_BUNDLE_IDENTIFIER = com.lu.OSChinaDemo;
				PRODUCT_NAME = "$(TARGET_NAME)";
			};
			name = Release;
		};
		C35690B31DFBB5330051D373 /* Debug */ = {
			isa = XCBuildConfiguration;
			buildSettings = {
				BUNDLE_LOADER = "$(TEST_HOST)";
				INFOPLIST_FILE = OSChinaDemoTests/Info.plist;
				LD_RUNPATH_SEARCH_PATHS = "$(inherited) @executable_path/Frameworks @loader_path/Frameworks";
				PRODUCT_BUNDLE_IDENTIFIER = com.lu.OSChinaDemoTests;
				PRODUCT_NAME = "$(TARGET_NAME)";
				TEST_HOST = "$(BUILT_PRODUCTS_DIR)/OSChinaDemo.app/OSChinaDemo";
			};
			name = Debug;
		};
		C35690B41DFBB5330051D373 /* Release */ = {
			isa = XCBuildConfiguration;
			buildSettings = {
				BUNDLE_LOADER = "$(TEST_HOST)";
				INFOPLIST_FILE = OSChinaDemoTests/Info.plist;
				LD_RUNPATH_SEARCH_PATHS = "$(inherited) @executable_path/Frameworks @loader_path/Frameworks";
				PRODUCT_BUNDLE_IDENTIFIER = com.lu.OSChinaDemoTests;
				PRODUCT_NAME = "$(TARGET_NAME)";
				TEST_HOST = "$(BUILT_PRODUCTS_DIR)/OSChinaDemo.app/OSChinaDemo";
			};
			name = Release;
		};
		C35690B61DFBB5330051D373 /* Debug */ = {
			isa = XCBuildConfiguration;
			buildSettings = {
				INFOPLIST_FILE = OSChinaDemoUITests/Info.plist;
				LD_RUNPATH_SEARCH_PATHS = "$(inherited) @executable_path/Frameworks @loader_path/Frameworks";
				PRODUCT_BUNDLE_IDENTIFIER = com.lu.OSChinaDemoUITests;
				PRODUCT_NAME = "$(TARGET_NAME)";
				TEST_TARGET_NAME = OSChinaDemo;
			};
			name = Debug;
		};
		C35690B71DFBB5330051D373 /* Release */ = {
			isa = XCBuildConfiguration;
			buildSettings = {
				INFOPLIST_FILE = OSChinaDemoUITests/Info.plist;
				LD_RUNPATH_SEARCH_PATHS = "$(inherited) @executable_path/Frameworks @loader_path/Frameworks";
				PRODUCT_BUNDLE_IDENTIFIER = com.lu.OSChinaDemoUITests;
				PRODUCT_NAME = "$(TARGET_NAME)";
				TEST_TARGET_NAME = OSChinaDemo;
			};
			name = Release;
		};
/* End XCBuildConfiguration section */

/* Begin XCConfigurationList section */
		C356907D1DFBB5330051D373 /* Build configuration list for PBXProject "OSChinaDemo" */ = {
			isa = XCConfigurationList;
			buildConfigurations = (
				C35690AD1DFBB5330051D373 /* Debug */,
				C35690AE1DFBB5330051D373 /* Release */,
			);
			defaultConfigurationIsVisible = 0;
			defaultConfigurationName = Release;
		};
		C35690AF1DFBB5330051D373 /* Build configuration list for PBXNativeTarget "OSChinaDemo" */ = {
			isa = XCConfigurationList;
			buildConfigurations = (
				C35690B01DFBB5330051D373 /* Debug */,
				C35690B11DFBB5330051D373 /* Release */,
			);
			defaultConfigurationIsVisible = 0;
			defaultConfigurationName = Release;
		};
		C35690B21DFBB5330051D373 /* Build configuration list for PBXNativeTarget "OSChinaDemoTests" */ = {
			isa = XCConfigurationList;
			buildConfigurations = (
				C35690B31DFBB5330051D373 /* Debug */,
				C35690B41DFBB5330051D373 /* Release */,
			);
			defaultConfigurationIsVisible = 0;
			defaultConfigurationName = Release;
		};
		C35690B51DFBB5330051D373 /* Build configuration list for PBXNativeTarget "OSChinaDemoUITests" */ = {
			isa = XCConfigurationList;
			buildConfigurations = (
				C35690B61DFBB5330051D373 /* Debug */,
				C35690B71DFBB5330051D373 /* Release */,
			);
			defaultConfigurationIsVisible = 0;
			defaultConfigurationName = Release;
		};
/* End XCConfigurationList section */
	};
	rootObject = C356907A1DFBB5330051D373 /* Project object */;
}
